// !$*UTF8*$!
{
	archiveVersion = 1;
	classes = {
	};
	objectVersion = 50;
	objects = {

/* Begin PBXBuildFile section */
		324C7A6F22B36C88007DA46D /* HomeViewController.m in Sources */ = {isa = PBXBuildFile; fileRef = 324C7A6E22B36C88007DA46D /* HomeViewController.m */; };
		324C7A7222B36CC3007DA46D /* CityDetailViewController.m in Sources */ = {isa = PBXBuildFile; fileRef = 324C7A7122B36CC3007DA46D /* CityDetailViewController.m */; };
		324C7A7622B36E0F007DA46D /* City.m in Sources */ = {isa = PBXBuildFile; fileRef = 324C7A7522B36E0F007DA46D /* City.m */; };
		324C7A7A22B36F52007DA46D /* CityListViewModel.m in Sources */ = {isa = PBXBuildFile; fileRef = 324C7A7922B36F52007DA46D /* CityListViewModel.m */; };
		324C7A8A22B38061007DA46D /* BaseHTTPSessionManger.m in Sources */ = {isa = PBXBuildFile; fileRef = 324C7A8922B38061007DA46D /* BaseHTTPSessionManger.m */; };
		324C7A8D22B38248007DA46D /* CityDetailViewModel.m in Sources */ = {isa = PBXBuildFile; fileRef = 324C7A8C22B38248007DA46D /* CityDetailViewModel.m */; };
		324C7A9022B38B3E007DA46D /* Properties.m in Sources */ = {isa = PBXBuildFile; fileRef = 324C7A8F22B38B3E007DA46D /* Properties.m */; };
		324C7A9322B38F94007DA46D /* Period.m in Sources */ = {isa = PBXBuildFile; fileRef = 324C7A9222B38F94007DA46D /* Period.m */; };
		32E4E08C22B36A4B0058ADB5 /* AppDelegate.m in Sources */ = {isa = PBXBuildFile; fileRef = 32E4E08B22B36A4B0058ADB5 /* AppDelegate.m */; };
		32E4E08F22B36A4B0058ADB5 /* ViewController.m in Sources */ = {isa = PBXBuildFile; fileRef = 32E4E08E22B36A4B0058ADB5 /* ViewController.m */; };
		32E4E09222B36A4B0058ADB5 /* Main.storyboard in Resources */ = {isa = PBXBuildFile; fileRef = 32E4E09022B36A4B0058ADB5 /* Main.storyboard */; };
		32E4E09422B36A4C0058ADB5 /* Assets.xcassets in Resources */ = {isa = PBXBuildFile; fileRef = 32E4E09322B36A4C0058ADB5 /* Assets.xcassets */; };
		32E4E09722B36A4C0058ADB5 /* LaunchScreen.storyboard in Resources */ = {isa = PBXBuildFile; fileRef = 32E4E09522B36A4C0058ADB5 /* LaunchScreen.storyboard */; };
		32E4E09A22B36A4C0058ADB5 /* main.m in Sources */ = {isa = PBXBuildFile; fileRef = 32E4E09922B36A4C0058ADB5 /* main.m */; };
		32E4E0A422B36A4C0058ADB5 /* WeatherForecastTests.m in Sources */ = {isa = PBXBuildFile; fileRef = 32E4E0A322B36A4C0058ADB5 /* WeatherForecastTests.m */; };
		32E4E0AF22B36A4C0058ADB5 /* WeatherForecastUITests.m in Sources */ = {isa = PBXBuildFile; fileRef = 32E4E0AE22B36A4C0058ADB5 /* WeatherForecastUITests.m */; };
		621486FE50EEB1A8402CD2B2 /* libPods-WeatherForecast.a in Frameworks */ = {isa = PBXBuildFile; fileRef = 7B4CF7A25E92C6201F7AE8AC /* libPods-WeatherForecast.a */; };
/* End PBXBuildFile section */

/* Begin PBXContainerItemProxy section */
		32E4E0A022B36A4C0058ADB5 /* PBXContainerItemProxy */ = {
			isa = PBXContainerItemProxy;
			containerPortal = 32E4E07F22B36A4B0058ADB5 /* Project object */;
			proxyType = 1;
			remoteGlobalIDString = 32E4E08622B36A4B0058ADB5;
			remoteInfo = WeatherForecast;
		};
		32E4E0AB22B36A4C0058ADB5 /* PBXContainerItemProxy */ = {
			isa = PBXContainerItemProxy;
			containerPortal = 32E4E07F22B36A4B0058ADB5 /* Project object */;
			proxyType = 1;
			remoteGlobalIDString = 32E4E08622B36A4B0058ADB5;
			remoteInfo = WeatherForecast;
		};
/* End PBXContainerItemProxy section */

/* Begin PBXFileReference section */
		170C2AC9880B57E2B21DBF0E /* Pods-WeatherForecast.debug.xcconfig */ = {isa = PBXFileReference; includeInIndex = 1; lastKnownFileType = text.xcconfig; name = "Pods-WeatherForecast.debug.xcconfig"; path = "Target Support Files/Pods-WeatherForecast/Pods-WeatherForecast.debug.xcconfig"; sourceTree = "<group>"; };
		324C7A6C22B36BE4007DA46D /* WeatherForecast.pch */ = {isa = PBXFileReference; lastKnownFileType = sourcecode.c.h; path = WeatherForecast.pch; sourceTree = "<group>"; };
		324C7A6D22B36C88007DA46D /* HomeViewController.h */ = {isa = PBXFileReference; lastKnownFileType = sourcecode.c.h; path = HomeViewController.h; sourceTree = "<group>"; };
		324C7A6E22B36C88007DA46D /* HomeViewController.m */ = {isa = PBXFileReference; lastKnownFileType = sourcecode.c.objc; path = HomeViewController.m; sourceTree = "<group>"; };
		324C7A7022B36CC3007DA46D /* CityDetailViewController.h */ = {isa = PBXFileReference; lastKnownFileType = sourcecode.c.h; path = CityDetailViewController.h; sourceTree = "<group>"; };
		324C7A7122B36CC3007DA46D /* CityDetailViewController.m */ = {isa = PBXFileReference; lastKnownFileType = sourcecode.c.objc; path = CityDetailViewController.m; sourceTree = "<group>"; };
		324C7A7422B36E0F007DA46D /* City.h */ = {isa = PBXFileReference; lastKnownFileType = sourcecode.c.h; path = City.h; sourceTree = "<group>"; };
		324C7A7522B36E0F007DA46D /* City.m */ = {isa = PBXFileReference; lastKnownFileType = sourcecode.c.objc; path = City.m; sourceTree = "<group>"; };
		324C7A7822B36F52007DA46D /* CityListViewModel.h */ = {isa = PBXFileReference; lastKnownFileType = sourcecode.c.h; path = CityListViewModel.h; sourceTree = "<group>"; };
		324C7A7922B36F52007DA46D /* CityListViewModel.m */ = {isa = PBXFileReference; lastKnownFileType = sourcecode.c.objc; path = CityListViewModel.m; sourceTree = "<group>"; };
		324C7A8822B38061007DA46D /* BaseHTTPSessionManger.h */ = {isa = PBXFileReference; lastKnownFileType = sourcecode.c.h; path = BaseHTTPSessionManger.h; sourceTree = "<group>"; };
		324C7A8922B38061007DA46D /* BaseHTTPSessionManger.m */ = {isa = PBXFileReference; lastKnownFileType = sourcecode.c.objc; path = BaseHTTPSessionManger.m; sourceTree = "<group>"; };
		324C7A8B22B38248007DA46D /* CityDetailViewModel.h */ = {isa = PBXFileReference; lastKnownFileType = sourcecode.c.h; path = CityDetailViewModel.h; sourceTree = "<group>"; };
		324C7A8C22B38248007DA46D /* CityDetailViewModel.m */ = {isa = PBXFileReference; lastKnownFileType = sourcecode.c.objc; path = CityDetailViewModel.m; sourceTree = "<group>"; };
		324C7A8E22B38B3E007DA46D /* Properties.h */ = {isa = PBXFileReference; lastKnownFileType = sourcecode.c.h; path = Properties.h; sourceTree = "<group>"; };
		324C7A8F22B38B3E007DA46D /* Properties.m */ = {isa = PBXFileReference; lastKnownFileType = sourcecode.c.objc; path = Properties.m; sourceTree = "<group>"; };
		324C7A9122B38F94007DA46D /* Period.h */ = {isa = PBXFileReference; lastKnownFileType = sourcecode.c.h; path = Period.h; sourceTree = "<group>"; };
		324C7A9222B38F94007DA46D /* Period.m */ = {isa = PBXFileReference; lastKnownFileType = sourcecode.c.objc; path = Period.m; sourceTree = "<group>"; };
		32E4E08722B36A4B0058ADB5 /* WeatherForecast.app */ = {isa = PBXFileReference; explicitFileType = wrapper.application; includeInIndex = 0; path = WeatherForecast.app; sourceTree = BUILT_PRODUCTS_DIR; };
		32E4E08A22B36A4B0058ADB5 /* AppDelegate.h */ = {isa = PBXFileReference; lastKnownFileType = sourcecode.c.h; path = AppDelegate.h; sourceTree = "<group>"; };
		32E4E08B22B36A4B0058ADB5 /* AppDelegate.m */ = {isa = PBXFileReference; lastKnownFileType = sourcecode.c.objc; path = AppDelegate.m; sourceTree = "<group>"; };
		32E4E08D22B36A4B0058ADB5 /* ViewController.h */ = {isa = PBXFileReference; lastKnownFileType = sourcecode.c.h; path = ViewController.h; sourceTree = "<group>"; };
		32E4E08E22B36A4B0058ADB5 /* ViewController.m */ = {isa = PBXFileReference; lastKnownFileType = sourcecode.c.objc; path = ViewController.m; sourceTree = "<group>"; };
		32E4E09122B36A4B0058ADB5 /* Base */ = {isa = PBXFileReference; lastKnownFileType = file.storyboard; name = Base; path = Base.lproj/Main.storyboard; sourceTree = "<group>"; };
		32E4E09322B36A4C0058ADB5 /* Assets.xcassets */ = {isa = PBXFileReference; lastKnownFileType = folder.assetcatalog; path = Assets.xcassets; sourceTree = "<group>"; };
		32E4E09622B36A4C0058ADB5 /* Base */ = {isa = PBXFileReference; lastKnownFileType = file.storyboard; name = Base; path = Base.lproj/LaunchScreen.storyboard; sourceTree = "<group>"; };
		32E4E09822B36A4C0058ADB5 /* Info.plist */ = {isa = PBXFileReference; lastKnownFileType = text.plist.xml; path = Info.plist; sourceTree = "<group>"; };
		32E4E09922B36A4C0058ADB5 /* main.m */ = {isa = PBXFileReference; lastKnownFileType = sourcecode.c.objc; path = main.m; sourceTree = "<group>"; };
		32E4E09F22B36A4C0058ADB5 /* WeatherForecastTests.xctest */ = {isa = PBXFileReference; explicitFileType = wrapper.cfbundle; includeInIndex = 0; path = WeatherForecastTests.xctest; sourceTree = BUILT_PRODUCTS_DIR; };
		32E4E0A322B36A4C0058ADB5 /* WeatherForecastTests.m */ = {isa = PBXFileReference; lastKnownFileType = sourcecode.c.objc; path = WeatherForecastTests.m; sourceTree = "<group>"; };
		32E4E0A522B36A4C0058ADB5 /* Info.plist */ = {isa = PBXFileReference; lastKnownFileType = text.plist.xml; path = Info.plist; sourceTree = "<group>"; };
		32E4E0AA22B36A4C0058ADB5 /* WeatherForecastUITests.xctest */ = {isa = PBXFileReference; explicitFileType = wrapper.cfbundle; includeInIndex = 0; path = WeatherForecastUITests.xctest; sourceTree = BUILT_PRODUCTS_DIR; };
		32E4E0AE22B36A4C0058ADB5 /* WeatherForecastUITests.m */ = {isa = PBXFileReference; lastKnownFileType = sourcecode.c.objc; path = WeatherForecastUITests.m; sourceTree = "<group>"; };
		32E4E0B022B36A4C0058ADB5 /* Info.plist */ = {isa = PBXFileReference; lastKnownFileType = text.plist.xml; path = Info.plist; sourceTree = "<group>"; };
		5A48E2EF81134A3A0B070282 /* Pods-WeatherForecast.release.xcconfig */ = {isa = PBXFileReference; includeInIndex = 1; lastKnownFileType = text.xcconfig; name = "Pods-WeatherForecast.release.xcconfig"; path = "Target Support Files/Pods-WeatherForecast/Pods-WeatherForecast.release.xcconfig"; sourceTree = "<group>"; };
		7B4CF7A25E92C6201F7AE8AC /* libPods-WeatherForecast.a */ = {isa = PBXFileReference; explicitFileType = archive.ar; includeInIndex = 0; path = "libPods-WeatherForecast.a"; sourceTree = BUILT_PRODUCTS_DIR; };
/* End PBXFileReference section */

/* Begin PBXFrameworksBuildPhase section */
		32E4E08422B36A4B0058ADB5 /* Frameworks */ = {
			isa = PBXFrameworksBuildPhase;
			buildActionMask = 2147483647;
			files = (
				621486FE50EEB1A8402CD2B2 /* libPods-WeatherForecast.a in Frameworks */,
			);
			runOnlyForDeploymentPostprocessing = 0;
		};
		32E4E09C22B36A4C0058ADB5 /* Frameworks */ = {
			isa = PBXFrameworksBuildPhase;
			buildActionMask = 2147483647;
			files = (
			);
			runOnlyForDeploymentPostprocessing = 0;
		};
		32E4E0A722B36A4C0058ADB5 /* Frameworks */ = {
			isa = PBXFrameworksBuildPhase;
			buildActionMask = 2147483647;
			files = (
			);
			runOnlyForDeploymentPostprocessing = 0;
		};
/* End PBXFrameworksBuildPhase section */

/* Begin PBXGroup section */
		324C7A7322B36E04007DA46D /* Model */ = {
			isa = PBXGroup;
			children = (
				324C7A7422B36E0F007DA46D /* City.h */,
				324C7A7522B36E0F007DA46D /* City.m */,
				324C7A8E22B38B3E007DA46D /* Properties.h */,
				324C7A8F22B38B3E007DA46D /* Properties.m */,
				324C7A9122B38F94007DA46D /* Period.h */,
				324C7A9222B38F94007DA46D /* Period.m */,
			);
			path = Model;
			sourceTree = "<group>";
		};
		324C7A7722B36F31007DA46D /* ViewModel */ = {
			isa = PBXGroup;
			children = (
				324C7A7822B36F52007DA46D /* CityListViewModel.h */,
				324C7A7922B36F52007DA46D /* CityListViewModel.m */,
				324C7A8B22B38248007DA46D /* CityDetailViewModel.h */,
				324C7A8C22B38248007DA46D /* CityDetailViewModel.m */,
			);
			path = ViewModel;
			sourceTree = "<group>";
		};
		324C7A7B22B3737D007DA46D /* Api */ = {
			isa = PBXGroup;
			children = (
				324C7A8822B38061007DA46D /* BaseHTTPSessionManger.h */,
				324C7A8922B38061007DA46D /* BaseHTTPSessionManger.m */,
			);
			path = Api;
			sourceTree = "<group>";
		};
		32E4E07E22B36A4B0058ADB5 = {
			isa = PBXGroup;
			children = (
				32E4E08922B36A4B0058ADB5 /* WeatherForecast */,
				32E4E0A222B36A4C0058ADB5 /* WeatherForecastTests */,
				32E4E0AD22B36A4C0058ADB5 /* WeatherForecastUITests */,
				32E4E08822B36A4B0058ADB5 /* Products */,
				B84CB639230853895B928427 /* Pods */,
				ACC0DF17CE0376AA966DFBBF /* Frameworks */,
			);
			sourceTree = "<group>";
		};
		32E4E08822B36A4B0058ADB5 /* Products */ = {
			isa = PBXGroup;
			children = (
				32E4E08722B36A4B0058ADB5 /* WeatherForecast.app */,
				32E4E09F22B36A4C0058ADB5 /* WeatherForecastTests.xctest */,
				32E4E0AA22B36A4C0058ADB5 /* WeatherForecastUITests.xctest */,
			);
			name = Products;
			sourceTree = "<group>";
		};
		32E4E08922B36A4B0058ADB5 /* WeatherForecast */ = {
			isa = PBXGroup;
			children = (
				324C7A7B22B3737D007DA46D /* Api */,
				324C7A7722B36F31007DA46D /* ViewModel */,
				324C7A7322B36E04007DA46D /* Model */,
				32E4E08A22B36A4B0058ADB5 /* AppDelegate.h */,
				32E4E08B22B36A4B0058ADB5 /* AppDelegate.m */,
				324C7A6D22B36C88007DA46D /* HomeViewController.h */,
				324C7A6E22B36C88007DA46D /* HomeViewController.m */,
				324C7A7022B36CC3007DA46D /* CityDetailViewController.h */,
				324C7A7122B36CC3007DA46D /* CityDetailViewController.m */,
				32E4E08D22B36A4B0058ADB5 /* ViewController.h */,
				32E4E08E22B36A4B0058ADB5 /* ViewController.m */,
				32E4E09022B36A4B0058ADB5 /* Main.storyboard */,
				32E4E09322B36A4C0058ADB5 /* Assets.xcassets */,
				32E4E09522B36A4C0058ADB5 /* LaunchScreen.storyboard */,
				32E4E09822B36A4C0058ADB5 /* Info.plist */,
				32E4E09922B36A4C0058ADB5 /* main.m */,
				324C7A6C22B36BE4007DA46D /* WeatherForecast.pch */,
			);
			path = WeatherForecast;
			sourceTree = "<group>";
		};
		32E4E0A222B36A4C0058ADB5 /* WeatherForecastTests */ = {
			isa = PBXGroup;
			children = (
				32E4E0A322B36A4C0058ADB5 /* WeatherForecastTests.m */,
				32E4E0A522B36A4C0058ADB5 /* Info.plist */,
			);
			path = WeatherForecastTests;
			sourceTree = "<group>";
		};
		32E4E0AD22B36A4C0058ADB5 /* WeatherForecastUITests */ = {
			isa = PBXGroup;
			children = (
				32E4E0AE22B36A4C0058ADB5 /* WeatherForecastUITests.m */,
				32E4E0B022B36A4C0058ADB5 /* Info.plist */,
			);
			path = WeatherForecastUITests;
			sourceTree = "<group>";
		};
		ACC0DF17CE0376AA966DFBBF /* Frameworks */ = {
			isa = PBXGroup;
			children = (
				7B4CF7A25E92C6201F7AE8AC /* libPods-WeatherForecast.a */,
			);
			name = Frameworks;
			sourceTree = "<group>";
		};
		B84CB639230853895B928427 /* Pods */ = {
			isa = PBXGroup;
			children = (
				170C2AC9880B57E2B21DBF0E /* Pods-WeatherForecast.debug.xcconfig */,
				5A48E2EF81134A3A0B070282 /* Pods-WeatherForecast.release.xcconfig */,
			);
			path = Pods;
			sourceTree = "<group>";
		};
/* End PBXGroup section */

/* Begin PBXNativeTarget section */
		32E4E08622B36A4B0058ADB5 /* WeatherForecast */ = {
			isa = PBXNativeTarget;
			buildConfigurationList = 32E4E0B322B36A4C0058ADB5 /* Build configuration list for PBXNativeTarget "WeatherForecast" */;
			buildPhases = (
				AB73DA6F00C9E01829354964 /* [CP] Check Pods Manifest.lock */,
				32E4E08322B36A4B0058ADB5 /* Sources */,
				32E4E08422B36A4B0058ADB5 /* Frameworks */,
				32E4E08522B36A4B0058ADB5 /* Resources */,
				A4952E287A5EF090AB9D095F /* [CP] Copy Pods Resources */,
			);
			buildRules = (
			);
			dependencies = (
			);
			name = WeatherForecast;
			productName = WeatherForecast;
			productReference = 32E4E08722B36A4B0058ADB5 /* WeatherForecast.app */;
			productType = "com.apple.product-type.application";
		};
		32E4E09E22B36A4C0058ADB5 /* WeatherForecastTests */ = {
			isa = PBXNativeTarget;
			buildConfigurationList = 32E4E0B622B36A4C0058ADB5 /* Build configuration list for PBXNativeTarget "WeatherForecastTests" */;
			buildPhases = (
				32E4E09B22B36A4C0058ADB5 /* Sources */,
				32E4E09C22B36A4C0058ADB5 /* Frameworks */,
				32E4E09D22B36A4C0058ADB5 /* Resources */,
			);
			buildRules = (
			);
			dependencies = (
				32E4E0A122B36A4C0058ADB5 /* PBXTargetDependency */,
			);
			name = WeatherForecastTests;
			productName = WeatherForecastTests;
			productReference = 32E4E09F22B36A4C0058ADB5 /* WeatherForecastTests.xctest */;
			productType = "com.apple.product-type.bundle.unit-test";
		};
		32E4E0A922B36A4C0058ADB5 /* WeatherForecastUITests */ = {
			isa = PBXNativeTarget;
			buildConfigurationList = 32E4E0B922B36A4C0058ADB5 /* Build configuration list for PBXNativeTarget "WeatherForecastUITests" */;
			buildPhases = (
				32E4E0A622B36A4C0058ADB5 /* Sources */,
				32E4E0A722B36A4C0058ADB5 /* Frameworks */,
				32E4E0A822B36A4C0058ADB5 /* Resources */,
			);
			buildRules = (
			);
			dependencies = (
				32E4E0AC22B36A4C0058ADB5 /* PBXTargetDependency */,
			);
			name = WeatherForecastUITests;
			productName = WeatherForecastUITests;
			productReference = 32E4E0AA22B36A4C0058ADB5 /* WeatherForecastUITests.xctest */;
			productType = "com.apple.product-type.bundle.ui-testing";
		};
/* End PBXNativeTarget section */

/* Begin PBXProject section */
		32E4E07F22B36A4B0058ADB5 /* Project object */ = {
			isa = PBXProject;
			attributes = {
				LastUpgradeCheck = 1020;
				ORGANIZATIONNAME = Fang;
				TargetAttributes = {
					32E4E08622B36A4B0058ADB5 = {
						CreatedOnToolsVersion = 10.2.1;
					};
					32E4E09E22B36A4C0058ADB5 = {
						CreatedOnToolsVersion = 10.2.1;
						TestTargetID = 32E4E08622B36A4B0058ADB5;
					};
					32E4E0A922B36A4C0058ADB5 = {
						CreatedOnToolsVersion = 10.2.1;
						TestTargetID = 32E4E08622B36A4B0058ADB5;
					};
				};
			};
			buildConfigurationList = 32E4E08222B36A4B0058ADB5 /* Build configuration list for PBXProject "WeatherForecast" */;
			compatibilityVersion = "Xcode 9.3";
			developmentRegion = en;
			hasScannedForEncodings = 0;
			knownRegions = (
				en,
				Base,
			);
			mainGroup = 32E4E07E22B36A4B0058ADB5;
			productRefGroup = 32E4E08822B36A4B0058ADB5 /* Products */;
			projectDirPath = "";
			projectRoot = "";
			targets = (
				32E4E08622B36A4B0058ADB5 /* WeatherForecast */,
				32E4E09E22B36A4C0058ADB5 /* WeatherForecastTests */,
				32E4E0A922B36A4C0058ADB5 /* WeatherForecastUITests */,
			);
		};
/* End PBXProject section */

/* Begin PBXResourcesBuildPhase section */
		32E4E08522B36A4B0058ADB5 /* Resources */ = {
			isa = PBXResourcesBuildPhase;
			buildActionMask = 2147483647;
			files = (
				32E4E09722B36A4C0058ADB5 /* LaunchScreen.storyboard in Resources */,
				32E4E09422B36A4C0058ADB5 /* Assets.xcassets in Resources */,
				32E4E09222B36A4B0058ADB5 /* Main.storyboard in Resources */,
			);
			runOnlyForDeploymentPostprocessing = 0;
		};
		32E4E09D22B36A4C0058ADB5 /* Resources */ = {
			isa = PBXResourcesBuildPhase;
			buildActionMask = 2147483647;
			files = (
			);
			runOnlyForDeploymentPostprocessing = 0;
		};
		32E4E0A822B36A4C0058ADB5 /* Resources */ = {
			isa = PBXResourcesBuildPhase;
			buildActionMask = 2147483647;
			files = (
			);
			runOnlyForDeploymentPostprocessing = 0;
		};
/* End PBXResourcesBuildPhase section */

/* Begin PBXShellScriptBuildPhase section */
		A4952E287A5EF090AB9D095F /* [CP] Copy Pods Resources */ = {
			isa = PBXShellScriptBuildPhase;
			buildActionMask = 2147483647;
			files = (
			);
			inputFileListPaths = (
			);
			inputPaths = (
				"${PODS_ROOT}/Target Support Files/Pods-WeatherForecast/Pods-WeatherForecast-resources.sh",
				"${PODS_ROOT}/BaiduMapKit/BaiduMapKit/BaiduMapAPI_Map.framework/mapapi.bundle",
			);
			name = "[CP] Copy Pods Resources";
			outputFileListPaths = (
			);
			outputPaths = (
				"${TARGET_BUILD_DIR}/${UNLOCALIZED_RESOURCES_FOLDER_PATH}/mapapi.bundle",
			);
			runOnlyForDeploymentPostprocessing = 0;
			shellPath = /bin/sh;
			shellScript = "\"${PODS_ROOT}/Target Support Files/Pods-WeatherForecast/Pods-WeatherForecast-resources.sh\"\n";
			showEnvVarsInLog = 0;
		};
		AB73DA6F00C9E01829354964 /* [CP] Check Pods Manifest.lock */ = {
			isa = PBXShellScriptBuildPhase;
			buildActionMask = 2147483647;
			files = (
			);
			inputFileListPaths = (
			);
			inputPaths = (
				"${PODS_PODFILE_DIR_PATH}/Podfile.lock",
				"${PODS_ROOT}/Manifest.lock",
			);
			name = "[CP] Check Pods Manifest.lock";
			outputFileListPaths = (
			);
			outputPaths = (
				"$(DERIVED_FILE_DIR)/Pods-WeatherForecast-checkManifestLockResult.txt",
			);
			runOnlyForDeploymentPostprocessing = 0;
			shellPath = /bin/sh;
			shellScript = "diff \"${PODS_PODFILE_DIR_PATH}/Podfile.lock\" \"${PODS_ROOT}/Manifest.lock\" > /dev/null\nif [ $? != 0 ] ; then\n    # print error to STDERR\n    echo \"error: The sandbox is not in sync with the Podfile.lock. Run 'pod install' or update your CocoaPods installation.\" >&2\n    exit 1\nfi\n# This output is used by Xcode 'outputs' to avoid re-running this script phase.\necho \"SUCCESS\" > \"${SCRIPT_OUTPUT_FILE_0}\"\n";
			showEnvVarsInLog = 0;
		};
/* End PBXShellScriptBuildPhase section */

/* Begin PBXSourcesBuildPhase section */
		32E4E08322B36A4B0058ADB5 /* Sources */ = {
			isa = PBXSourcesBuildPhase;
			buildActionMask = 2147483647;
			files = (
				32E4E08F22B36A4B0058ADB5 /* ViewController.m in Sources */,
				324C7A8D22B38248007DA46D /* CityDetailViewModel.m in Sources */,
				324C7A8A22B38061007DA46D /* BaseHTTPSessionManger.m in Sources */,
				32E4E09A22B36A4C0058ADB5 /* main.m in Sources */,
				324C7A7622B36E0F007DA46D /* City.m in Sources */,
				324C7A7A22B36F52007DA46D /* CityListViewModel.m in Sources */,
				32E4E08C22B36A4B0058ADB5 /* AppDelegate.m in Sources */,
				324C7A9322B38F94007DA46D /* Period.m in Sources */,
				324C7A7222B36CC3007DA46D /* CityDetailViewController.m in Sources */,
				324C7A9022B38B3E007DA46D /* Properties.m in Sources */,
				324C7A6F22B36C88007DA46D /* HomeViewController.m in Sources */,
			);
			runOnlyForDeploymentPostprocessing = 0;
		};
		32E4E09B22B36A4C0058ADB5 /* Sources */ = {
			isa = PBXSourcesBuildPhase;
			buildActionMask = 2147483647;
			files = (
				32E4E0A422B36A4C0058ADB5 /* WeatherForecastTests.m in Sources */,
			);
			runOnlyForDeploymentPostprocessing = 0;
		};
		32E4E0A622B36A4C0058ADB5 /* Sources */ = {
			isa = PBXSourcesBuildPhase;
			buildActionMask = 2147483647;
			files = (
				32E4E0AF22B36A4C0058ADB5 /* WeatherForecastUITests.m in Sources */,
			);
			runOnlyForDeploymentPostprocessing = 0;
		};
/* End PBXSourcesBuildPhase section */

/* Begin PBXTargetDependency section */
		32E4E0A122B36A4C0058ADB5 /* PBXTargetDependency */ = {
			isa = PBXTargetDependency;
			target = 32E4E08622B36A4B0058ADB5 /* WeatherForecast */;
			targetProxy = 32E4E0A022B36A4C0058ADB5 /* PBXContainerItemProxy */;
		};
		32E4E0AC22B36A4C0058ADB5 /* PBXTargetDependency */ = {
			isa = PBXTargetDependency;
			target = 32E4E08622B36A4B0058ADB5 /* WeatherForecast */;
			targetProxy = 32E4E0AB22B36A4C0058ADB5 /* PBXContainerItemProxy */;
		};
/* End PBXTargetDependency section */

/* Begin PBXVariantGroup section */
		32E4E09022B36A4B0058ADB5 /* Main.storyboard */ = {
			isa = PBXVariantGroup;
			children = (
				32E4E09122B36A4B0058ADB5 /* Base */,
			);
			name = Main.storyboard;
			sourceTree = "<group>";
		};
		32E4E09522B36A4C0058ADB5 /* LaunchScreen.storyboard */ = {
			isa = PBXVariantGroup;
			children = (
				32E4E09622B36A4C0058ADB5 /* Base */,
			);
			name = LaunchScreen.storyboard;
			sourceTree = "<group>";
		};
/* End PBXVariantGroup section */

/* Begin XCBuildConfiguration section */
		32E4E0B122B36A4C0058ADB5 /* Debug */ = {
			isa = XCBuildConfiguration;
			buildSettings = {
				ALWAYS_SEARCH_USER_PATHS = NO;
				CLANG_ANALYZER_NONNULL = YES;
				CLANG_ANALYZER_NUMBER_OBJECT_CONVERSION = YES_AGGRESSIVE;
				CLANG_CXX_LANGUAGE_STANDARD = "gnu++14";
				CLANG_CXX_LIBRARY = "libc++";
				CLANG_ENABLE_MODULES = YES;
				CLANG_ENABLE_OBJC_ARC = YES;
				CLANG_ENABLE_OBJC_WEAK = YES;
				CLANG_WARN_BLOCK_CAPTURE_AUTORELEASING = YES;
				CLANG_WARN_BOOL_CONVERSION = YES;
				CLANG_WARN_COMMA = YES;
				CLANG_WARN_CONSTANT_CONVERSION = YES;
				CLANG_WARN_DEPRECATED_OBJC_IMPLEMENTATIONS = YES;
				CLANG_WARN_DIRECT_OBJC_ISA_USAGE = YES_ERROR;
				CLANG_WARN_DOCUMENTATION_COMMENTS = YES;
				CLANG_WARN_EMPTY_BODY = YES;
				CLANG_WARN_ENUM_CONVERSION = YES;
				CLANG_WARN_INFINITE_RECURSION = YES;
				CLANG_WARN_INT_CONVERSION = YES;
				CLANG_WARN_NON_LITERAL_NULL_CONVERSION = YES;
				CLANG_WARN_OBJC_IMPLICIT_RETAIN_SELF = YES;
				CLANG_WARN_OBJC_LITERAL_CONVERSION = YES;
				CLANG_WARN_OBJC_ROOT_CLASS = YES_ERROR;
				CLANG_WARN_RANGE_LOOP_ANALYSIS = YES;
				CLANG_WARN_STRICT_PROTOTYPES = YES;
				CLANG_WARN_SUSPICIOUS_MOVE = YES;
				CLANG_WARN_UNGUARDED_AVAILABILITY = YES_AGGRESSIVE;
				CLANG_WARN_UNREACHABLE_CODE = YES;
				CLANG_WARN__DUPLICATE_METHOD_MATCH = YES;
				CODE_SIGN_IDENTITY = "iPhone Developer";
				COPY_PHASE_STRIP = NO;
				DEBUG_INFORMATION_FORMAT = dwarf;
				ENABLE_STRICT_OBJC_MSGSEND = YES;
				ENABLE_TESTABILITY = YES;
				GCC_C_LANGUAGE_STANDARD = gnu11;
				GCC_DYNAMIC_NO_PIC = NO;
				GCC_NO_COMMON_BLOCKS = YES;
				GCC_OPTIMIZATION_LEVEL = 0;
				GCC_PREPROCESSOR_DEFINITIONS = (
					"DEBUG=1",
					"$(inherited)",
				);
				GCC_WARN_64_TO_32_BIT_CONVERSION = YES;
				GCC_WARN_ABOUT_RETURN_TYPE = YES_ERROR;
				GCC_WARN_UNDECLARED_SELECTOR = YES;
				GCC_WARN_UNINITIALIZED_AUTOS = YES_AGGRESSIVE;
				GCC_WARN_UNUSED_FUNCTION = YES;
				GCC_WARN_UNUSED_VARIABLE = YES;
				IPHONEOS_DEPLOYMENT_TARGET = 12.2;
				MTL_ENABLE_DEBUG_INFO = INCLUDE_SOURCE;
				MTL_FAST_MATH = YES;
				ONLY_ACTIVE_ARCH = YES;
				SDKROOT = iphoneos;
			};
			name = Debug;
		};
		32E4E0B222B36A4C0058ADB5 /* Release */ = {
			isa = XCBuildConfiguration;
			buildSettings = {
				ALWAYS_SEARCH_USER_PATHS = NO;
				CLANG_ANALYZER_NONNULL = YES;
				CLANG_ANALYZER_NUMBER_OBJECT_CONVERSION = YES_AGGRESSIVE;
				CLANG_CXX_LANGUAGE_STANDARD = "gnu++14";
				CLANG_CXX_LIBRARY = "libc++";
				CLANG_ENABLE_MODULES = YES;
				CLANG_ENABLE_OBJC_ARC = YES;
				CLANG_ENABLE_OBJC_WEAK = YES;
				CLANG_WARN_BLOCK_CAPTURE_AUTORELEASING = YES;
				CLANG_WARN_BOOL_CONVERSION = YES;
				CLANG_WARN_COMMA = YES;
				CLANG_WARN_CONSTANT_CONVERSION = YES;
				CLANG_WARN_DEPRECATED_OBJC_IMPLEMENTATIONS = YES;
				CLANG_WARN_DIRECT_OBJC_ISA_USAGE = YES_ERROR;
				CLANG_WARN_DOCUMENTATION_COMMENTS = YES;
				CLANG_WARN_EMPTY_BODY = YES;
				CLANG_WARN_ENUM_CONVERSION = YES;
				CLANG_WARN_INFINITE_RECURSION = YES;
				CLANG_WARN_INT_CONVERSION = YES;
				CLANG_WARN_NON_LITERAL_NULL_CONVERSION = YES;
				CLANG_WARN_OBJC_IMPLICIT_RETAIN_SELF = YES;
				CLANG_WARN_OBJC_LITERAL_CONVERSION = YES;
				CLANG_WARN_OBJC_ROOT_CLASS = YES_ERROR;
				CLANG_WARN_RANGE_LOOP_ANALYSIS = YES;
				CLANG_WARN_STRICT_PROTOTYPES = YES;
				CLANG_WARN_SUSPICIOUS_MOVE = YES;
				CLANG_WARN_UNGUARDED_AVAILABILITY = YES_AGGRESSIVE;
				CLANG_WARN_UNREACHABLE_CODE = YES;
				CLANG_WARN__DUPLICATE_METHOD_MATCH = YES;
				CODE_SIGN_IDENTITY = "iPhone Developer";
				COPY_PHASE_STRIP = NO;
				DEBUG_INFORMATION_FORMAT = "dwarf-with-dsym";
				ENABLE_NS_ASSERTIONS = NO;
				ENABLE_STRICT_OBJC_MSGSEND = YES;
				GCC_C_LANGUAGE_STANDARD = gnu11;
				GCC_NO_COMMON_BLOCKS = YES;
				GCC_WARN_64_TO_32_BIT_CONVERSION = YES;
				GCC_WARN_ABOUT_RETURN_TYPE = YES_ERROR;
				GCC_WARN_UNDECLARED_SELECTOR = YES;
				GCC_WARN_UNINITIALIZED_AUTOS = YES_AGGRESSIVE;
				GCC_WARN_UNUSED_FUNCTION = YES;
				GCC_WARN_UNUSED_VARIABLE = YES;
				IPHONEOS_DEPLOYMENT_TARGET = 12.2;
				MTL_ENABLE_DEBUG_INFO = NO;
				MTL_FAST_MATH = YES;
				SDKROOT = iphoneos;
				VALIDATE_PRODUCT = YES;
			};
			name = Release;
		};
		32E4E0B422B36A4C0058ADB5 /* Debug */ = {
			isa = XCBuildConfiguration;
			baseConfigurationReference = 170C2AC9880B57E2B21DBF0E /* Pods-WeatherForecast.debug.xcconfig */;
			buildSettings = {
				ASSETCATALOG_COMPILER_APPICON_NAME = AppIcon;
				CODE_SIGN_STYLE = Automatic;
				DEVELOPMENT_TEAM = 9526DAPZ99;
				GCC_PRECOMPILE_PREFIX_HEADER = YES;
				GCC_PREFIX_HEADER = /Users/fang/Desktop/WeatherForecast/WeatherForecast/WeatherForecast.pch;
				INFOPLIST_FILE = WeatherForecast/Info.plist;
				IPHONEOS_DEPLOYMENT_TARGET = 9.0;
				LD_RUNPATH_SEARCH_PATHS = (
					"$(inherited)",
					"@executable_path/Frameworks",
				);
				PRODUCT_BUNDLE_IDENTIFIER = noerden.WeatherForecast;
				PRODUCT_NAME = "$(TARGET_NAME)";
				TARGETED_DEVICE_FAMILY = 1;
			};
			name = Debug;
		};
		32E4E0B522B36A4C0058ADB5 /* Release */ = {
			isa = XCBuildConfiguration;
			baseConfigurationReference = 5A48E2EF81134A3A0B070282 /* Pods-WeatherForecast.release.xcconfig */;
			buildSettings = {
				ASSETCATALOG_COMPILER_APPICON_NAME = AppIcon;
				CODE_SIGN_STYLE = Automatic;
				DEVELOPMENT_TEAM = 9526DAPZ99;
				GCC_PRECOMPILE_PREFIX_HEADER = YES;
				GCC_PREFIX_HEADER = /Users/fang/Desktop/WeatherForecast/WeatherForecast/WeatherForecast.pch;
				INFOPLIST_FILE = WeatherForecast/Info.plist;
				IPHONEOS_DEPLOYMENT_TARGET = 9.0;
				LD_RUNPATH_SEARCH_PATHS = (
					"$(inherited)",
					"@executable_path/Frameworks",
				);
				PRODUCT_BUNDLE_IDENTIFIER = noerden.WeatherForecast;
				PRODUCT_NAME = "$(TARGET_NAME)";
				TARGETED_DEVICE_FAMILY = 1;
			};
			name = Release;
		};
		32E4E0B722B36A4C0058ADB5 /* Debug */ = {
			isa = XCBuildConfiguration;
			buildSettings = {
				BUNDLE_LOADER = "$(TEST_HOST)";
				CODE_SIGN_STYLE = Automatic;
				DEVELOPMENT_TEAM = 9526DAPZ99;
				INFOPLIST_FILE = WeatherForecastTests/Info.plist;
				LD_RUNPATH_SEARCH_PATHS = (
					"$(inherited)",
					"@executable_path/Frameworks",
					"@loader_path/Frameworks",
				);
				PRODUCT_BUNDLE_IDENTIFIER = noerden.WeatherForecastTests;
				PRODUCT_NAME = "$(TARGET_NAME)";
				TARGETED_DEVICE_FAMILY = "1,2";
				TEST_HOST = "$(BUILT_PRODUCTS_DIR)/WeatherForecast.app/WeatherForecast";
			};
			name = Debug;
		};
		32E4E0B822B36A4C0058ADB5 /* Release */ = {
			isa = XCBuildConfiguration;
			buildSettings = {
				BUNDLE_LOADER = "$(TEST_HOST)";
				CODE_SIGN_STYLE = Automatic;
				DEVELOPMENT_TEAM = 9526DAPZ99;
				INFOPLIST_FILE = WeatherForecastTests/Info.plist;
				LD_RUNPATH_SEARCH_PATHS = (
					"$(inherited)",
					"@executable_path/Frameworks",
					"@loader_path/Frameworks",
				);
				PRODUCT_BUNDLE_IDENTIFIER = noerden.WeatherForecastTests;
				PRODUCT_NAME = "$(TARGET_NAME)";
				TARGETED_DEVICE_FAMILY = "1,2";
				TEST_HOST = "$(BUILT_PRODUCTS_DIR)/WeatherForecast.app/WeatherForecast";
			};
			name = Release;
		};
		32E4E0BA22B36A4C0058ADB5 /* Debug */ = {
			isa = XCBuildConfiguration;
			buildSettings = {
				CODE_SIGN_STYLE = Automatic;
				DEVELOPMENT_TEAM = 9526DAPZ99;
				INFOPLIST_FILE = WeatherForecastUITests/Info.plist;
				LD_RUNPATH_SEARCH_PATHS = (
					"$(inherited)",
					"@executable_path/Frameworks",
					"@loader_path/Frameworks",
				);
				PRODUCT_BUNDLE_IDENTIFIER = noerden.WeatherForecastUITests;
				PRODUCT_NAME = "$(TARGET_NAME)";
				TARGETED_DEVICE_FAMILY = "1,2";
				TEST_TARGET_NAME = WeatherForecast;
			};
			name = Debug;
		};
		32E4E0BB22B36A4C0058ADB5 /* Release */ = {
			isa = XCBuildConfiguration;
			buildSettings = {
				CODE_SIGN_STYLE = Automatic;
				DEVELOPMENT_TEAM = 9526DAPZ99;
				INFOPLIST_FILE = WeatherForecastUITests/Info.plist;
				LD_RUNPATH_SEARCH_PATHS = (
					"$(inherited)",
					"@executable_path/Frameworks",
					"@loader_path/Frameworks",
				);
				PRODUCT_BUNDLE_IDENTIFIER = noerden.WeatherForecastUITests;
				PRODUCT_NAME = "$(TARGET_NAME)";
				TARGETED_DEVICE_FAMILY = "1,2";
				TEST_TARGET_NAME = WeatherForecast;
			};
			name = Release;
		};
/* End XCBuildConfiguration section */

/* Begin XCConfigurationList section */
		32E4E08222B36A4B0058ADB5 /* Build configuration list for PBXProject "WeatherForecast" */ = {
			isa = XCConfigurationList;
			buildConfigurations = (
				32E4E0B122B36A4C0058ADB5 /* Debug */,
				32E4E0B222B36A4C0058ADB5 /* Release */,
			);
			defaultConfigurationIsVisible = 0;
			defaultConfigurationName = Release;
		};
		32E4E0B322B36A4C0058ADB5 /* Build configuration list for PBXNativeTarget "WeatherForecast" */ = {
			isa = XCConfigurationList;
			buildConfigurations = (
				32E4E0B422B36A4C0058ADB5 /* Debug */,
				32E4E0B522B36A4C0058ADB5 /* Release */,
			);
			defaultConfigurationIsVisible = 0;
			defaultConfigurationName = Release;
		};
		32E4E0B622B36A4C0058ADB5 /* Build configuration list for PBXNativeTarget "WeatherForecastTests" */ = {
			isa = XCConfigurationList;
			buildConfigurations = (
				32E4E0B722B36A4C0058ADB5 /* Debug */,
				32E4E0B822B36A4C0058ADB5 /* Release */,
			);
			defaultConfigurationIsVisible = 0;
			defaultConfigurationName = Release;
		};
		32E4E0B922B36A4C0058ADB5 /* Build configuration list for PBXNativeTarget "WeatherForecastUITests" */ = {
			isa = XCConfigurationList;
			buildConfigurations = (
				32E4E0BA22B36A4C0058ADB5 /* Debug */,
				32E4E0BB22B36A4C0058ADB5 /* Release */,
			);
			defaultConfigurationIsVisible = 0;
			defaultConfigurationName = Release;
		};
/* End XCConfigurationList section */
	};
	rootObject = 32E4E07F22B36A4B0058ADB5 /* Project object */;
}
